
Microsoft Visual Studio Solution File, Format Version 12.00
# Visual Studio Version 17
VisualStudioVersion = 17.9.34728.123
MinimumVisualStudioVersion = 10.0.40219.1
Project("{8BC9CEB8-8B4A-11D0-8D11-00A0C91BC942}") = "parcial2", "parcial2\parcial2.vcxproj", "{BFD653EB-ECEF-43A0-840A-62873470EA63}"
EndProject
Global
	GlobalSection(SolutionConfigurationPlatforms) = preSolution
		Debug|x64 = Debug|x64
		Debug|x86 = Debug|x86
		Release|x64 = Release|x64
		Release|x86 = Release|x86
	EndGlobalSection
	GlobalSection(ProjectConfigurationPlatforms) = postSolution
		{BFD653EB-ECEF-43A0-840A-62873470EA63}.Debug|x64.ActiveCfg = Debug|x64
		{BFD653EB-ECEF-43A0-840A-62873470EA63}.Debug|x64.Build.0 = Debug|x64
		{BFD653EB-ECEF-43A0-840A-62873470EA63}.Debug|x86.ActiveCfg = Debug|Win32
		{BFD653EB-ECEF-43A0-840A-62873470EA63}.Debug|x86.Build.0 = Debug|Win32
		{BFD653EB-ECEF-43A0-840A-62873470EA63}.Release|x64.ActiveCfg = Release|x64
		{BFD653EB-ECEF-43A0-840A-62873470EA63}.Release|x64.Build.0 = Release|x64
		{BFD653EB-ECEF-43A0-840A-62873470EA63}.Release|x86.ActiveCfg = Release|Win32
		{BFD653EB-ECEF-43A0-840A-62873470EA63}.Release|x86.Build.0 = Release|Win32
	EndGlobalSection
	GlobalSection(SolutionProperties) = preSolution
		HideSolutionNode = FALSE
	EndGlobalSection
	GlobalSection(ExtensibilityGlobals) = postSolution
		SolutionGuid = {874FE9BE-FE7A-4187-B7AB-8FC7962021E4}
	EndGlobalSection
EndGlobal
