
Microsoft Visual Studio Solution File, Format Version 12.00
# Visual Studio Version 17
VisualStudioVersion = 17.8.34525.116
MinimumVisualStudioVersion = 10.0.40219.1
Project("{8BC9CEB8-8B4A-11D0-8D11-00A0C91BC942}") = "Funcion_Mensaje", "Funcion_Mensaje\Funcion_Mensaje.vcxproj", "{D8A40349-56EA-4AB3-90BC-322E04075D66}"
EndProject
Global
	GlobalSection(SolutionConfigurationPlatforms) = preSolution
		Debug|x64 = Debug|x64
		Debug|x86 = Debug|x86
		Release|x64 = Release|x64
		Release|x86 = Release|x86
	EndGlobalSection
	GlobalSection(ProjectConfigurationPlatforms) = postSolution
		{D8A40349-56EA-4AB3-90BC-322E04075D66}.Debug|x64.ActiveCfg = Debug|x64
		{D8A40349-56EA-4AB3-90BC-322E04075D66}.Debug|x64.Build.0 = Debug|x64
		{D8A40349-56EA-4AB3-90BC-322E04075D66}.Debug|x86.ActiveCfg = Debug|Win32
		{D8A40349-56EA-4AB3-90BC-322E04075D66}.Debug|x86.Build.0 = Debug|Win32
		{D8A40349-56EA-4AB3-90BC-322E04075D66}.Release|x64.ActiveCfg = Release|x64
		{D8A40349-56EA-4AB3-90BC-322E04075D66}.Release|x64.Build.0 = Release|x64
		{D8A40349-56EA-4AB3-90BC-322E04075D66}.Release|x86.ActiveCfg = Release|Win32
		{D8A40349-56EA-4AB3-90BC-322E04075D66}.Release|x86.Build.0 = Release|Win32
	EndGlobalSection
	GlobalSection(SolutionProperties) = preSolution
		HideSolutionNode = FALSE
	EndGlobalSection
	GlobalSection(ExtensibilityGlobals) = postSolution
		SolutionGuid = {DCA6E8B8-76D9-418E-A386-A5DBDB29D12F}
	EndGlobalSection
EndGlobal
