
Microsoft Visual Studio Solution File, Format Version 12.00
# Visual Studio Version 17
VisualStudioVersion = 17.9.34728.123
MinimumVisualStudioVersion = 10.0.40219.1
Project("{8BC9CEB8-8B4A-11D0-8D11-00A0C91BC942}") = "EvaluacionFinal", "EvaluacionFinal\EvaluacionFinal.vcxproj", "{133AD95E-3390-4DA4-BE6F-79088AF96A5D}"
EndProject
Global
	GlobalSection(SolutionConfigurationPlatforms) = preSolution
		Debug|x64 = Debug|x64
		Debug|x86 = Debug|x86
		Release|x64 = Release|x64
		Release|x86 = Release|x86
	EndGlobalSection
	GlobalSection(ProjectConfigurationPlatforms) = postSolution
		{133AD95E-3390-4DA4-BE6F-79088AF96A5D}.Debug|x64.ActiveCfg = Debug|x64
		{133AD95E-3390-4DA4-BE6F-79088AF96A5D}.Debug|x64.Build.0 = Debug|x64
		{133AD95E-3390-4DA4-BE6F-79088AF96A5D}.Debug|x86.ActiveCfg = Debug|Win32
		{133AD95E-3390-4DA4-BE6F-79088AF96A5D}.Debug|x86.Build.0 = Debug|Win32
		{133AD95E-3390-4DA4-BE6F-79088AF96A5D}.Release|x64.ActiveCfg = Release|x64
		{133AD95E-3390-4DA4-BE6F-79088AF96A5D}.Release|x64.Build.0 = Release|x64
		{133AD95E-3390-4DA4-BE6F-79088AF96A5D}.Release|x86.ActiveCfg = Release|Win32
		{133AD95E-3390-4DA4-BE6F-79088AF96A5D}.Release|x86.Build.0 = Release|Win32
	EndGlobalSection
	GlobalSection(SolutionProperties) = preSolution
		HideSolutionNode = FALSE
	EndGlobalSection
	GlobalSection(ExtensibilityGlobals) = postSolution
		SolutionGuid = {E6396CCC-7D6C-4964-8CB5-C5EF212166DE}
	EndGlobalSection
EndGlobal
